PODS:
  - LBXScan/LBXNative (2.5.1):
    - LBXScan/Types (~> 2.2)
  - LBXScan/LBXZXing (2.5.1):
    - LBXScan/Types (~> 2.2)
  - LBXScan/Types (2.5.1)
  - LBXScan/UI (2.5.1):
    - LBXScan/Types (~> 2.2)
  - LBXZBarSDK (1.3.5)
  - Toast (4.0.0)

DEPENDENCIES:
  - LBXScan/LBXNative (from `../`)
  - LBXScan/LBXZXing (from `../`)
  - LBXScan/UI (from `../`)
  - LBXZBarSDK (~> 1.3)
  - Toast (~> 4.0.0)

SPEC REPOS:
  trunk:
    - LBXZBarSDK
    - Toast

EXTERNAL SOURCES:
  LBXScan:
    :path: "../"

SPEC CHECKSUMS:
  LBXScan: 90ca10d0c38fb4a5a6980d7782354f3f69f50093
  LBXZBarSDK: db826d1265fbb4fbdbb2f30d7d1e96142e32bfff
  Toast: 91b396c56ee72a5790816f40d3a94dd357abc196

PODFILE CHECKSUM: 22264310b927b0a02c11f7858c56d0fffe2302a8

COCOAPODS: 1.10.0
